{
  "name": "stellarbot",
  "version": "1.0.2",
  "lockfileVersion": 2,
  "requires": true,
  "packages": {
    "": {
      "name": "stellarbot",
      "version": "1.0.2",
      "dependencies": {
        "stellarbot": "file:"
      }
    },
    "node_modules/stellarbot": {
      "resolved": "",
      "link": true
    }
  },
  "dependencies": {
    "stellarbot": {
      "version": "file:",
      "requires": {
        "stellarbot": "file:"
      }
    }
  }
}
